
Microsoft Visual Studio Solution File, Format Version 12.00
Project("{FAE04EC0-301F-11D3-BF4B-00C04F79EFBC}") = "TwicasRecCommentLoader", "TwicasRecCommentLoader\TwicasRecCommentLoader.csproj", "{ED921860-F76D-4475-920C-25800BCCB532}"
EndProject
Global
	GlobalSection(SolutionConfigurationPlatforms) = preSolution
		Debug|Any CPU = Debug|Any CPU
		Release|Any CPU = Release|Any CPU
	EndGlobalSection
	GlobalSection(ProjectConfigurationPlatforms) = postSolution
		{ED921860-F76D-4475-920C-25800BCCB532}.Debug|Any CPU.ActiveCfg = Debug|Any CPU
		{ED921860-F76D-4475-920C-25800BCCB532}.Debug|Any CPU.Build.0 = Debug|Any CPU
		{ED921860-F76D-4475-920C-25800BCCB532}.Release|Any CPU.ActiveCfg = Release|Any CPU
		{ED921860-F76D-4475-920C-25800BCCB532}.Release|Any CPU.Build.0 = Release|Any CPU
	EndGlobalSection
EndGlobal
